
Microsoft Visual Studio Solution File, Format Version 12.00
# Visual Studio 15
VisualStudioVersion = 15.0.28307.757
MinimumVisualStudioVersion = 10.0.40219.1
Project("{F184B08F-C81C-45F6-A57F-5ABD9991F28F}") = "Parameters", "Reporting_how-to-add-a-pre-created-parameter-instance-to-the-field-list-and-keep-the-e4247\Parameters.vbproj", "{B919F8C4-236B-464D-9462-B197BA8DFF95}"
EndProject
Global
	GlobalSection(SolutionConfigurationPlatforms) = preSolution
		Debug|Any CPU = Debug|Any CPU
		Release|Any CPU = Release|Any CPU
	EndGlobalSection
	GlobalSection(ProjectConfigurationPlatforms) = postSolution
		{B919F8C4-236B-464D-9462-B197BA8DFF95}.Debug|Any CPU.ActiveCfg = Debug|Any CPU
		{B919F8C4-236B-464D-9462-B197BA8DFF95}.Debug|Any CPU.Build.0 = Debug|Any CPU
		{B919F8C4-236B-464D-9462-B197BA8DFF95}.Release|Any CPU.ActiveCfg = Release|Any CPU
		{B919F8C4-236B-464D-9462-B197BA8DFF95}.Release|Any CPU.Build.0 = Release|Any CPU
		EndGlobalSection
	GlobalSection(SolutionProperties) = preSolution
		HideSolutionNode = FALSE
	EndGlobalSection
	GlobalSection(ExtensibilityGlobals) = postSolution
		SolutionGuid = {BDF8F139-8309-492D-BDFB-32E8C0B6C091}
	EndGlobalSection
EndGlobal
